# This file was autogenerated by Stack.
# You should not edit this file by hand.
# For more information, please see the documentation at:
#   https://docs.haskellstack.org/en/stable/lock_files

packages:
- completed:
    hackage: row-types-1.0.0.0@sha256:e9584ebc9d4bd1d07ce64785568a6de0c252d08943af657593d7d3224f084cfb,2984
    pantry-tree:
      size: 1006
      sha256: 708324c067cf967c5c083b74f3a78587bfb85e965c3707e1a7c355099b56235d
  original:
    hackage: row-types-1.0.0.0@sha256:e9584ebc9d4bd1d07ce64785568a6de0c252d08943af657593d7d3224f084cfb,2984
snapshots:
- completed:
    size: 532386
    url: https://raw.githubusercontent.com/commercialhaskell/stackage-snapshots/master/lts/16/17.yaml
    sha256: d3ee1ae797cf63189c95cf27f00700304946c5cb3c1e6a82001cd6584a221e1b
  original: lts-16.17
