# This file was autogenerated by Stack.
# You should not edit this file by hand.
# For more information, please see the documentation at:
#   https://docs.haskellstack.org/en/stable/lock_files

packages:
- completed:
    hackage: souffle-haskell-2.0.1@sha256:854105f801fcdf269b733206a0251772e6d4cd4bbfb00c4192cff12dd8ff2d7e,10567
    pantry-tree:
      size: 5047
      sha256: d148c2c8b2fbceca4f4d4d3eaef7b9f3785682833eaea4615693043c6e43160e
  original:
    hackage: souffle-haskell-2.0.1@sha256:854105f801fcdf269b733206a0251772e6d4cd4bbfb00c4192cff12dd8ff2d7e,10567
snapshots:
- completed:
    size: 532386
    url: https://raw.githubusercontent.com/commercialhaskell/stackage-snapshots/master/lts/16/17.yaml
    sha256: d3ee1ae797cf63189c95cf27f00700304946c5cb3c1e6a82001cd6584a221e1b
  original: lts-16.17
