# This file was autogenerated by Stack.
# You should not edit this file by hand.
# For more information, please see the documentation at:
#   https://docs.haskellstack.org/en/stable/lock_files

packages:
- completed:
    hackage: fastsum-0.1.1.1@sha256:ddb41e30396cc091845596130fb441150118086c6f227c0bd5ce30dadf9dad56,2398
    pantry-tree:
      size: 431
      sha256: 45e007bf4395315bf2cdb5b17f1e956739d836a53fa9dd022ea3d0b123ded8f5
  original:
    hackage: fastsum-0.1.1.1@sha256:ddb41e30396cc091845596130fb441150118086c6f227c0bd5ce30dadf9dad56,2398
snapshots:
- completed:
    size: 532386
    url: https://raw.githubusercontent.com/commercialhaskell/stackage-snapshots/master/lts/16/17.yaml
    sha256: d3ee1ae797cf63189c95cf27f00700304946c5cb3c1e6a82001cd6584a221e1b
  original: lts-16.17
